
Microsoft Visual Studio Solution File, Format Version 12.00
# Visual Studio 15
Project("{FAE04EC0-301F-11D3-BF4B-00C04F79EFBC}") = "Assembly-CSharp", "Assembly-CSharp.csproj", "{70FD3823-A050-66CE-A8B3-275205EBEB6C}"
EndProject
Project("{FAE04EC0-301F-11D3-BF4B-00C04F79EFBC}") = "Assembly-CSharp-Editor", "Assembly-CSharp-Editor.csproj", "{DFC79CE9-ACC4-D3D9-183F-0CF0155C00C5}"
EndProject
Global
	GlobalSection(SolutionConfigurationPlatforms) = preSolution
		Debug|Any CPU = Debug|Any CPU
		Release|Any CPU = Release|Any CPU
	EndGlobalSection
	GlobalSection(ProjectConfigurationPlatforms) = postSolution
		{70FD3823-A050-66CE-A8B3-275205EBEB6C}.Debug|Any CPU.ActiveCfg = Debug|Any CPU
		{70FD3823-A050-66CE-A8B3-275205EBEB6C}.Debug|Any CPU.Build.0 = Debug|Any CPU
		{70FD3823-A050-66CE-A8B3-275205EBEB6C}.Release|Any CPU.ActiveCfg = Release|Any CPU
		{70FD3823-A050-66CE-A8B3-275205EBEB6C}.Release|Any CPU.Build.0 = Release|Any CPU
		{DFC79CE9-ACC4-D3D9-183F-0CF0155C00C5}.Debug|Any CPU.ActiveCfg = Debug|Any CPU
		{DFC79CE9-ACC4-D3D9-183F-0CF0155C00C5}.Debug|Any CPU.Build.0 = Debug|Any CPU
		{DFC79CE9-ACC4-D3D9-183F-0CF0155C00C5}.Release|Any CPU.ActiveCfg = Release|Any CPU
		{DFC79CE9-ACC4-D3D9-183F-0CF0155C00C5}.Release|Any CPU.Build.0 = Release|Any CPU
	EndGlobalSection
	GlobalSection(SolutionProperties) = preSolution
		HideSolutionNode = FALSE
	EndGlobalSection
EndGlobal
